
Microsoft Visual Studio Solution File, Format Version 11.00
# Visual Studio 2010
Project("{FAE04EC0-301F-11D3-BF4B-00C04F79EFBC}") = "MigratingMartians", "Assembly-CSharp-firstpass.csproj", "{C03938CB-CD0E-A403-811B-56D06326F266}"
EndProject
Project("{FAE04EC0-301F-11D3-BF4B-00C04F79EFBC}") = "MigratingMartians", "Assembly-CSharp.csproj", "{05F42653-268B-E4D4-90BF-C05D59114871}"
EndProject
Project("{FAE04EC0-301F-11D3-BF4B-00C04F79EFBC}") = "MigratingMartians", "Assembly-CSharp-Editor-firstpass.csproj", "{EB0A29F6-7F27-27E1-F847-8571E9246337}"
EndProject
Global
	GlobalSection(SolutionConfigurationPlatforms) = preSolution
		Debug|Any CPU = Debug|Any CPU
		Release|Any CPU = Release|Any CPU
	EndGlobalSection
	GlobalSection(ProjectConfigurationPlatforms) = postSolution
		{C03938CB-CD0E-A403-811B-56D06326F266}.Debug|Any CPU.ActiveCfg = Debug|Any CPU
		{C03938CB-CD0E-A403-811B-56D06326F266}.Debug|Any CPU.Build.0 = Debug|Any CPU
		{C03938CB-CD0E-A403-811B-56D06326F266}.Release|Any CPU.ActiveCfg = Release|Any CPU
		{C03938CB-CD0E-A403-811B-56D06326F266}.Release|Any CPU.Build.0 = Release|Any CPU
		{05F42653-268B-E4D4-90BF-C05D59114871}.Debug|Any CPU.ActiveCfg = Debug|Any CPU
		{05F42653-268B-E4D4-90BF-C05D59114871}.Debug|Any CPU.Build.0 = Debug|Any CPU
		{05F42653-268B-E4D4-90BF-C05D59114871}.Release|Any CPU.ActiveCfg = Release|Any CPU
		{05F42653-268B-E4D4-90BF-C05D59114871}.Release|Any CPU.Build.0 = Release|Any CPU
		{EB0A29F6-7F27-27E1-F847-8571E9246337}.Debug|Any CPU.ActiveCfg = Debug|Any CPU
		{EB0A29F6-7F27-27E1-F847-8571E9246337}.Debug|Any CPU.Build.0 = Debug|Any CPU
		{EB0A29F6-7F27-27E1-F847-8571E9246337}.Release|Any CPU.ActiveCfg = Release|Any CPU
		{EB0A29F6-7F27-27E1-F847-8571E9246337}.Release|Any CPU.Build.0 = Release|Any CPU
	EndGlobalSection
	GlobalSection(SolutionProperties) = preSolution
		HideSolutionNode = FALSE
	EndGlobalSection
	GlobalSection(MonoDevelopProperties) = preSolution
		StartupItem = Assembly-CSharp.csproj
	EndGlobalSection
EndGlobal
