
Microsoft Visual Studio Solution File, Format Version 12.00
# Visual Studio 2015
Project("{FAE04EC0-301F-11D3-BF4B-00C04F79EFBC}") = "Migrating Martians", "Migrating Martians.csproj", "{6A44281C-3627-F5C8-493D-805BEB89485E}"
EndProject
Global
	GlobalSection(SolutionConfigurationPlatforms) = preSolution
		Debug|Any CPU = Debug|Any CPU
		Release|Any CPU = Release|Any CPU
	EndGlobalSection
	GlobalSection(ProjectConfigurationPlatforms) = postSolution
		{6A44281C-3627-F5C8-493D-805BEB89485E}.Debug|Any CPU.ActiveCfg = Debug|Any CPU
		{6A44281C-3627-F5C8-493D-805BEB89485E}.Debug|Any CPU.Build.0 = Debug|Any CPU
		{6A44281C-3627-F5C8-493D-805BEB89485E}.Release|Any CPU.ActiveCfg = Release|Any CPU
		{6A44281C-3627-F5C8-493D-805BEB89485E}.Release|Any CPU.Build.0 = Release|Any CPU
	EndGlobalSection
	GlobalSection(SolutionProperties) = preSolution
		HideSolutionNode = FALSE
	EndGlobalSection
EndGlobal
