
Microsoft Visual Studio Solution File, Format Version 12.00
# Visual Studio 2015
Project("{FAE04EC0-301F-11D3-BF4B-00C04F79EFBC}") = "MigratingMartians.Plugins", "MigratingMartians.Plugins.csproj", "{4EE1976B-73D6-1DBD-63FE-232CA951A47B}"
EndProject
Project("{FAE04EC0-301F-11D3-BF4B-00C04F79EFBC}") = "MigratingMartians", "MigratingMartians.csproj", "{27126A30-CF11-9252-9351-D57C2F956DC7}"
EndProject
Project("{FAE04EC0-301F-11D3-BF4B-00C04F79EFBC}") = "MigratingMartians.Editor.Plugins", "MigratingMartians.Editor.Plugins.csproj", "{A47E7E11-F5E0-6D51-FF38-AD3E8E657784}"
EndProject
Global
	GlobalSection(SolutionConfigurationPlatforms) = preSolution
		Debug|Any CPU = Debug|Any CPU
		Release|Any CPU = Release|Any CPU
	EndGlobalSection
	GlobalSection(ProjectConfigurationPlatforms) = postSolution
		{4EE1976B-73D6-1DBD-63FE-232CA951A47B}.Debug|Any CPU.ActiveCfg = Debug|Any CPU
		{4EE1976B-73D6-1DBD-63FE-232CA951A47B}.Debug|Any CPU.Build.0 = Debug|Any CPU
		{4EE1976B-73D6-1DBD-63FE-232CA951A47B}.Release|Any CPU.ActiveCfg = Release|Any CPU
		{4EE1976B-73D6-1DBD-63FE-232CA951A47B}.Release|Any CPU.Build.0 = Release|Any CPU
		{27126A30-CF11-9252-9351-D57C2F956DC7}.Debug|Any CPU.ActiveCfg = Debug|Any CPU
		{27126A30-CF11-9252-9351-D57C2F956DC7}.Debug|Any CPU.Build.0 = Debug|Any CPU
		{27126A30-CF11-9252-9351-D57C2F956DC7}.Release|Any CPU.ActiveCfg = Release|Any CPU
		{27126A30-CF11-9252-9351-D57C2F956DC7}.Release|Any CPU.Build.0 = Release|Any CPU
		{A47E7E11-F5E0-6D51-FF38-AD3E8E657784}.Debug|Any CPU.ActiveCfg = Debug|Any CPU
		{A47E7E11-F5E0-6D51-FF38-AD3E8E657784}.Debug|Any CPU.Build.0 = Debug|Any CPU
		{A47E7E11-F5E0-6D51-FF38-AD3E8E657784}.Release|Any CPU.ActiveCfg = Release|Any CPU
		{A47E7E11-F5E0-6D51-FF38-AD3E8E657784}.Release|Any CPU.Build.0 = Release|Any CPU
	EndGlobalSection
	GlobalSection(SolutionProperties) = preSolution
		HideSolutionNode = FALSE
	EndGlobalSection
EndGlobal
